# THIS IS AN AUTOGENERATED FILE. DO NOT EDIT THIS FILE DIRECTLY.
# yarn lockfile v1


chrome-types@^0.1.252:
  version "0.1.252"
  resolved "https://registry.yarnpkg.com/chrome-types/-/chrome-types-0.1.252.tgz#da2e9897356b6e71ea0985cbdd16a17a0e6825ae"
  integrity sha512-0DGlB6DoLiBBAoz93MC+95FujdYGboabsNRsk7r8vtNi+E6GBO1TwQfqs+06MrQu/S78lnYpWpyIeShjEPWqjw==
